
Microsoft Visual Studio Solution File, Format Version 12.00
# Visual Studio 15
VisualStudioVersion = 15.0.27004.2002
MinimumVisualStudioVersion = 10.0.40219.1
Project("{151D2E53-A2C4-4D7D-83FE-D05416EBD58E}") = "Kernel.DAB.Deployment.IaaS", "Kernel.DAB.Deployment.IaaS\Kernel.DAB.Deployment.IaaS.deployproj", "{5FC6AABE-D35C-462A-85C6-4EE954C1A2E8}"
EndProject
Global
	GlobalSection(SolutionConfigurationPlatforms) = preSolution
		Debug|Any CPU = Debug|Any CPU
		Release|Any CPU = Release|Any CPU
	EndGlobalSection
	GlobalSection(ProjectConfigurationPlatforms) = postSolution
		{5FC6AABE-D35C-462A-85C6-4EE954C1A2E8}.Debug|Any CPU.ActiveCfg = Debug|Any CPU
		{5FC6AABE-D35C-462A-85C6-4EE954C1A2E8}.Debug|Any CPU.Build.0 = Debug|Any CPU
		{5FC6AABE-D35C-462A-85C6-4EE954C1A2E8}.Release|Any CPU.ActiveCfg = Release|Any CPU
		{5FC6AABE-D35C-462A-85C6-4EE954C1A2E8}.Release|Any CPU.Build.0 = Release|Any CPU
	EndGlobalSection
	GlobalSection(SolutionProperties) = preSolution
		HideSolutionNode = FALSE
	EndGlobalSection
	GlobalSection(ExtensibilityGlobals) = postSolution
		SolutionGuid = {ED433513-9095-472F-AF31-DCE44B9A8A70}
	EndGlobalSection
EndGlobal
